# THIS IS AN AUTOGENERATED FILE. DO NOT EDIT THIS FILE DIRECTLY.
# yarn lockfile v1


react-spinners@^0.14.1:
  version "0.14.1"
  resolved "https://registry.yarnpkg.com/react-spinners/-/react-spinners-0.14.1.tgz#de7d7d6b3e6d4f29d9620c65495b502c7dd90812"
  integrity sha512-2Izq+qgQ08HTofCVEdcAQCXFEYfqTDdfeDQJeo/HHQiQJD4imOicNLhkfN2eh1NYEWVOX4D9ok2lhuDB0z3Aag==
